flarum-lock:

  ##
  # UNIQUE KEYS - The following keys are used in only one location each.
  ##

  # Translations in this namespace are used by the admin interface.
  admin:

    # These translations are used in the Permissions page of the admin interface.
    permissions:
      lock_discussions_label: ล็อคกระทู้

  # Translations in this namespace are used by the forum user interface.
  forum:

    # These translations are displayed as tooltips for discussion badges.
    badge:
      locked_tooltip: ล็อคแล้ว

    # These translations are used by the discussion control buttons.
    discussion_controls:
      lock_button: ล็อค
      unlock_button: ปลดล้อค

    # These translations are used by the Notifications dropdown, a.k.a. "the bell".
    notifications:
      discussion_locked_text: "{username} ล็อคแล้ว"

    # These translations are displayed between posts in the post stream.
    post_stream:
      discussion_locked_text: "{username} ล็อคกระทู้นี้แล้ว"
      discussion_unlocked_text: "{username} ปลดล้อคกระทู้นี้แล้ว"

    # These translations are used in the Settings page.
    settings:
      notify_discussion_locked_label: มีคนล็อคกระทู้ที่ฉันเริ่ม
